
Microsoft Visual Studio Solution File, Format Version 12.00
# Visual Studio 15
VisualStudioVersion = 15.0.27130.2036
MinimumVisualStudioVersion = 10.0.40219.1
Project("{FAE04EC0-301F-11D3-BF4B-00C04F79EFBC}") = "如家棋牌室_COM", "如家棋牌室_COM\如家棋牌室_COM.csproj", "{DAEAEDB7-C249-4A6C-9BC2-088E9C667314}"
EndProject
Project("{FAE04EC0-301F-11D3-BF4B-00C04F79EFBC}") = "如家棋牌室_TCP", "如家棋牌室_TCP\如家棋牌室_TCP.csproj", "{6F4C39E7-97D8-43D3-9E5A-3E4D342C22BF}"
EndProject
Global
	GlobalSection(SolutionConfigurationPlatforms) = preSolution
		Debug|Any CPU = Debug|Any CPU
		Debug|ARM = Debug|ARM
		Debug|x64 = Debug|x64
		Debug|x86 = Debug|x86
		Release|Any CPU = Release|Any CPU
		Release|ARM = Release|ARM
		Release|x64 = Release|x64
		Release|x86 = Release|x86
	EndGlobalSection
	GlobalSection(ProjectConfigurationPlatforms) = postSolution
		{DAEAEDB7-C249-4A6C-9BC2-088E9C667314}.Debug|Any CPU.ActiveCfg = Debug|Any CPU
		{DAEAEDB7-C249-4A6C-9BC2-088E9C667314}.Debug|Any CPU.Build.0 = Debug|Any CPU
		{DAEAEDB7-C249-4A6C-9BC2-088E9C667314}.Debug|ARM.ActiveCfg = Debug|Any CPU
		{DAEAEDB7-C249-4A6C-9BC2-088E9C667314}.Debug|ARM.Build.0 = Debug|Any CPU
		{DAEAEDB7-C249-4A6C-9BC2-088E9C667314}.Debug|x64.ActiveCfg = Debug|Any CPU
		{DAEAEDB7-C249-4A6C-9BC2-088E9C667314}.Debug|x64.Build.0 = Debug|Any CPU
		{DAEAEDB7-C249-4A6C-9BC2-088E9C667314}.Debug|x86.ActiveCfg = Debug|Any CPU
		{DAEAEDB7-C249-4A6C-9BC2-088E9C667314}.Debug|x86.Build.0 = Debug|Any CPU
		{DAEAEDB7-C249-4A6C-9BC2-088E9C667314}.Release|Any CPU.ActiveCfg = Release|Any CPU
		{DAEAEDB7-C249-4A6C-9BC2-088E9C667314}.Release|Any CPU.Build.0 = Release|Any CPU
		{DAEAEDB7-C249-4A6C-9BC2-088E9C667314}.Release|ARM.ActiveCfg = Release|Any CPU
		{DAEAEDB7-C249-4A6C-9BC2-088E9C667314}.Release|ARM.Build.0 = Release|Any CPU
		{DAEAEDB7-C249-4A6C-9BC2-088E9C667314}.Release|x64.ActiveCfg = Release|Any CPU
		{DAEAEDB7-C249-4A6C-9BC2-088E9C667314}.Release|x64.Build.0 = Release|Any CPU
		{DAEAEDB7-C249-4A6C-9BC2-088E9C667314}.Release|x86.ActiveCfg = Release|Any CPU
		{DAEAEDB7-C249-4A6C-9BC2-088E9C667314}.Release|x86.Build.0 = Release|Any CPU
		{6F4C39E7-97D8-43D3-9E5A-3E4D342C22BF}.Debug|Any CPU.ActiveCfg = Debug|Any CPU
		{6F4C39E7-97D8-43D3-9E5A-3E4D342C22BF}.Debug|Any CPU.Build.0 = Debug|Any CPU
		{6F4C39E7-97D8-43D3-9E5A-3E4D342C22BF}.Debug|ARM.ActiveCfg = Debug|Any CPU
		{6F4C39E7-97D8-43D3-9E5A-3E4D342C22BF}.Debug|ARM.Build.0 = Debug|Any CPU
		{6F4C39E7-97D8-43D3-9E5A-3E4D342C22BF}.Debug|x64.ActiveCfg = Debug|Any CPU
		{6F4C39E7-97D8-43D3-9E5A-3E4D342C22BF}.Debug|x64.Build.0 = Debug|Any CPU
		{6F4C39E7-97D8-43D3-9E5A-3E4D342C22BF}.Debug|x86.ActiveCfg = Debug|Any CPU
		{6F4C39E7-97D8-43D3-9E5A-3E4D342C22BF}.Debug|x86.Build.0 = Debug|Any CPU
		{6F4C39E7-97D8-43D3-9E5A-3E4D342C22BF}.Release|Any CPU.ActiveCfg = Release|Any CPU
		{6F4C39E7-97D8-43D3-9E5A-3E4D342C22BF}.Release|Any CPU.Build.0 = Release|Any CPU
		{6F4C39E7-97D8-43D3-9E5A-3E4D342C22BF}.Release|ARM.ActiveCfg = Release|Any CPU
		{6F4C39E7-97D8-43D3-9E5A-3E4D342C22BF}.Release|ARM.Build.0 = Release|Any CPU
		{6F4C39E7-97D8-43D3-9E5A-3E4D342C22BF}.Release|x64.ActiveCfg = Release|Any CPU
		{6F4C39E7-97D8-43D3-9E5A-3E4D342C22BF}.Release|x64.Build.0 = Release|Any CPU
		{6F4C39E7-97D8-43D3-9E5A-3E4D342C22BF}.Release|x86.ActiveCfg = Release|Any CPU
		{6F4C39E7-97D8-43D3-9E5A-3E4D342C22BF}.Release|x86.Build.0 = Release|Any CPU
	EndGlobalSection
	GlobalSection(SolutionProperties) = preSolution
		HideSolutionNode = FALSE
	EndGlobalSection
	GlobalSection(ExtensibilityGlobals) = postSolution
		SolutionGuid = {D14C0FA4-8C9E-42BE-8A35-E6CAC83C3918}
	EndGlobalSection
EndGlobal
